
Microsoft Visual Studio Solution File, Format Version 12.00
# Visual Studio Version 16
VisualStudioVersion = 16.0.31729.503
MinimumVisualStudioVersion = 10.0.40219.1
Project("{FAE04EC0-301F-11D3-BF4B-00C04F79EFBC}") = "Web_Crawler", "Web_Crawler\Web_Crawler.csproj", "{2AD25CAD-6E2C-4B29-AA42-7B5045C00429}"
EndProject
Project("{FAE04EC0-301F-11D3-BF4B-00C04F79EFBC}") = "Web_Crawler.Services", "Web_Crawler.Services\Web_Crawler.Services.csproj", "{7A84E6FB-97B2-42C2-B8EC-552D8AC486C5}"
EndProject
Project("{FAE04EC0-301F-11D3-BF4B-00C04F79EFBC}") = "Web_Crawler.Contracts", "Web_Crawler.Contracts\Web_Crawler.Contracts.csproj", "{3F54E34E-6D87-49C5-8000-4AC011595999}"
EndProject
Global
	GlobalSection(SolutionConfigurationPlatforms) = preSolution
		Debug|Any CPU = Debug|Any CPU
		Release|Any CPU = Release|Any CPU
	EndGlobalSection
	GlobalSection(ProjectConfigurationPlatforms) = postSolution
		{2AD25CAD-6E2C-4B29-AA42-7B5045C00429}.Debug|Any CPU.ActiveCfg = Debug|Any CPU
		{2AD25CAD-6E2C-4B29-AA42-7B5045C00429}.Debug|Any CPU.Build.0 = Debug|Any CPU
		{2AD25CAD-6E2C-4B29-AA42-7B5045C00429}.Release|Any CPU.ActiveCfg = Release|Any CPU
		{2AD25CAD-6E2C-4B29-AA42-7B5045C00429}.Release|Any CPU.Build.0 = Release|Any CPU
		{7A84E6FB-97B2-42C2-B8EC-552D8AC486C5}.Debug|Any CPU.ActiveCfg = Debug|Any CPU
		{7A84E6FB-97B2-42C2-B8EC-552D8AC486C5}.Debug|Any CPU.Build.0 = Debug|Any CPU
		{7A84E6FB-97B2-42C2-B8EC-552D8AC486C5}.Release|Any CPU.ActiveCfg = Release|Any CPU
		{7A84E6FB-97B2-42C2-B8EC-552D8AC486C5}.Release|Any CPU.Build.0 = Release|Any CPU
		{3F54E34E-6D87-49C5-8000-4AC011595999}.Debug|Any CPU.ActiveCfg = Debug|Any CPU
		{3F54E34E-6D87-49C5-8000-4AC011595999}.Debug|Any CPU.Build.0 = Debug|Any CPU
		{3F54E34E-6D87-49C5-8000-4AC011595999}.Release|Any CPU.ActiveCfg = Release|Any CPU
		{3F54E34E-6D87-49C5-8000-4AC011595999}.Release|Any CPU.Build.0 = Release|Any CPU
	EndGlobalSection
	GlobalSection(SolutionProperties) = preSolution
		HideSolutionNode = FALSE
	EndGlobalSection
	GlobalSection(ExtensibilityGlobals) = postSolution
		SolutionGuid = {56E9662D-417D-4352-ABD1-073E9CB61DB3}
	EndGlobalSection
EndGlobal
